{"version":4,"terraform_version":"1.8.3","serial":8,"lineage":"54ae676b-9de0-666e-5cb3-cbc0d4ff3c54","outputs":{"private_subnet_id":{"value":"ocid1.subnet.oc1.iad.aaaaaaaabk5wk7el2o3e6g6t5afjnpzv5xodncrg2coicishjpjcynybf5ya","type":"string"},"public_subnet_id":{"value":"ocid1.subnet.oc1.iad.aaaaaaaagijlf5jnchxhx6eglhphxcaupkavv5dnwpd742agmv7dje6s2j3a","type":"string"},"vcn_id":{"value":"ocid1.vcn.oc1.iad.amaaaaaa4ghw2ria27uuqv2idiffjrfgh3obp2cqbhvqlxgggs4upv4r3smq","type":"string"}},"resources":[{"mode":"managed","type":"oci_core_internet_gateway","name":"internet_gateway","provider":"provider[\"registry.opentofu.org/hashicorp/oci\"]","instances":[{"schema_version":0,"attributes":{"compartment_id":"ocid1.compartment.oc1..aaaaaaaa2eimclyrsuxblu36cz4lkcety52hfdg6wdoff6744yn4hrshofla","defined_tags":{"Oracle-Tags.CreatedBy":"default/jp.santana@oracle.com","Oracle-Tags.CreatedOn":"2024-10-13T18:58:12.835Z"},"display_name":"dev-internet-gateway","enabled":true,"freeform_tags":{},"id":"ocid1.internetgateway.oc1.iad.aaaaaaaagfxudjieyrvxp6orwbluqmote4qawjrrtchvad7msjpfock76f7a","route_table_id":null,"state":"AVAILABLE","time_created":"2024-10-13 18:58:12.896 +0000 UTC","timeouts":null,"vcn_id":"ocid1.vcn.oc1.iad.amaaaaaa4ghw2ria27uuqv2idiffjrfgh3obp2cqbhvqlxgggs4upv4r3smq"},"sensitive_attributes":[],"private":"eyJlMmJmYjczMC1lY2FhLTExZTYtOGY4OC0zNDM2M2JjN2M0YzAiOnsiY3JlYXRlIjoxMjAwMDAwMDAwMDAwLCJkZWxldGUiOjEyMDAwMDAwMDAwMDAsInVwZGF0ZSI6MTIwMDAwMDAwMDAwMH19","dependencies":["oci_core_vcn.vcn"]}]},{"mode":"managed","type":"oci_core_nat_gateway","name":"nat_gateway","provider":"provider[\"registry.opentofu.org/hashicorp/oci\"]","instances":[{"schema_version":0,"attributes":{"block_traffic":false,"compartment_id":"ocid1.compartment.oc1..aaaaaaaa2eimclyrsuxblu36cz4lkcety52hfdg6wdoff6744yn4hrshofla","defined_tags":{"Oracle-Tags.CreatedBy":"default/jp.santana@oracle.com","Oracle-Tags.CreatedOn":"2024-10-13T18:58:12.736Z"},"display_name":"dev-nat-gateway","freeform_tags":{},"id":"ocid1.natgateway.oc1.iad.aaaaaaaacsx7gcg5xdteavoko7ejqaamicwvjwzolh7mhys64iut6sygykoa","nat_ip":"129.153.228.11","public_ip_id":"ocid1.publicip.oc1.iad.aaaaaaaacz4xzc5zgwlfkzw4jqawpekpzgpmmu74kg7bdmjjf5wki63waj5a","route_table_id":null,"state":"AVAILABLE","time_created":"2024-10-13 18:58:12.929 +0000 UTC","timeouts":null,"vcn_id":"ocid1.vcn.oc1.iad.amaaaaaa4ghw2ria27uuqv2idiffjrfgh3obp2cqbhvqlxgggs4upv4r3smq"},"sensitive_attributes":[],"private":"eyJlMmJmYjczMC1lY2FhLTExZTYtOGY4OC0zNDM2M2JjN2M0YzAiOnsiY3JlYXRlIjoxMjAwMDAwMDAwMDAwLCJkZWxldGUiOjEyMDAwMDAwMDAwMDAsInVwZGF0ZSI6MTIwMDAwMDAwMDAwMH19","dependencies":["oci_core_vcn.vcn"]}]},{"mode":"managed","type":"oci_core_route_table","name":"private_route_table","provider":"provider[\"registry.opentofu.org/hashicorp/oci\"]","instances":[{"schema_version":0,"attributes":{"compartment_id":"ocid1.compartment.oc1..aaaaaaaa2eimclyrsuxblu36cz4lkcety52hfdg6wdoff6744yn4hrshofla","defined_tags":{"Oracle-Tags.CreatedBy":"default/jp.santana@oracle.com","Oracle-Tags.CreatedOn":"2024-10-13T18:58:14.174Z"},"display_name":"private-route-table","freeform_tags":{},"id":"ocid1.routetable.oc1.iad.aaaaaaaakkj4fhzwu4ynpzwhhsfp5f2h4rzikozanojn7rjdk4yh73ovb77q","route_rules":[{"cidr_block":"","description":"","destination":"0.0.0.0/0","destination_type":"CIDR_BLOCK","network_entity_id":"ocid1.natgateway.oc1.iad.aaaaaaaacsx7gcg5xdteavoko7ejqaamicwvjwzolh7mhys64iut6sygykoa","route_type":""}],"state":"AVAILABLE","time_created":"2024-10-13 18:58:14.211 +0000 UTC","timeouts":null,"vcn_id":"ocid1.vcn.oc1.iad.amaaaaaa4ghw2ria27uuqv2idiffjrfgh3obp2cqbhvqlxgggs4upv4r3smq"},"sensitive_attributes":[],"private":"eyJlMmJmYjczMC1lY2FhLTExZTYtOGY4OC0zNDM2M2JjN2M0YzAiOnsiY3JlYXRlIjoxMjAwMDAwMDAwMDAwLCJkZWxldGUiOjEyMDAwMDAwMDAwMDAsInVwZGF0ZSI6MTIwMDAwMDAwMDAwMH19","dependencies":["oci_core_nat_gateway.nat_gateway","oci_core_vcn.vcn"]}]},{"mode":"managed","type":"oci_core_route_table","name":"public_route_table","provider":"provider[\"registry.opentofu.org/hashicorp/oci\"]","instances":[{"schema_version":0,"attributes":{"compartment_id":"ocid1.compartment.oc1..aaaaaaaa2eimclyrsuxblu36cz4lkcety52hfdg6wdoff6744yn4hrshofla","defined_tags":{"Oracle-Tags.CreatedBy":"default/jp.santana@oracle.com","Oracle-Tags.CreatedOn":"2024-10-13T18:58:13.401Z"},"display_name":"public-route-table","freeform_tags":{},"id":"ocid1.routetable.oc1.iad.aaaaaaaaiiwb44fbs4eqyo33x5fowh6lmy35sgfr6vsjkdb7ku2caxd4kf2a","route_rules":[{"cidr_block":"","description":"","destination":"0.0.0.0/0","destination_type":"CIDR_BLOCK","network_entity_id":"ocid1.internetgateway.oc1.iad.aaaaaaaagfxudjieyrvxp6orwbluqmote4qawjrrtchvad7msjpfock76f7a","route_type":""}],"state":"AVAILABLE","time_created":"2024-10-13 18:58:13.423 +0000 UTC","timeouts":null,"vcn_id":"ocid1.vcn.oc1.iad.amaaaaaa4ghw2ria27uuqv2idiffjrfgh3obp2cqbhvqlxgggs4upv4r3smq"},"sensitive_attributes":[],"private":"eyJlMmJmYjczMC1lY2FhLTExZTYtOGY4OC0zNDM2M2JjN2M0YzAiOnsiY3JlYXRlIjoxMjAwMDAwMDAwMDAwLCJkZWxldGUiOjEyMDAwMDAwMDAwMDAsInVwZGF0ZSI6MTIwMDAwMDAwMDAwMH19","dependencies":["oci_core_internet_gateway.internet_gateway","oci_core_vcn.vcn"]}]},{"mode":"managed","type":"oci_core_security_list","name":"private_security_list","provider":"provider[\"registry.opentofu.org/hashicorp/oci\"]","instances":[{"schema_version":0,"attributes":{"compartment_id":"ocid1.compartment.oc1..aaaaaaaa2eimclyrsuxblu36cz4lkcety52hfdg6wdoff6744yn4hrshofla","defined_tags":{"Oracle-Tags.CreatedBy":"default/jp.santana@oracle.com","Oracle-Tags.CreatedOn":"2024-10-13T18:58:12.841Z"},"display_name":"private-security-list","egress_security_rules":[{"description":"","destination":"0.0.0.0/0","destination_type":"CIDR_BLOCK","icmp_options":[],"protocol":"all","stateless":false,"tcp_options":[],"udp_options":[]}],"freeform_tags":{},"id":"ocid1.securitylist.oc1.iad.aaaaaaaa6mjroenly4432zwimjnzsvhxq2ii4y6bzf4qgpi4vrcclyrkkzfq","ingress_security_rules":[{"description":"","icmp_options":[],"protocol":"all","source":"10.0.0.0/16","source_type":"CIDR_BLOCK","stateless":false,"tcp_options":[],"udp_options":[]}],"state":"AVAILABLE","time_created":"2024-10-13 18:58:12.893 +0000 UTC","timeouts":null,"vcn_id":"ocid1.vcn.oc1.iad.amaaaaaa4ghw2ria27uuqv2idiffjrfgh3obp2cqbhvqlxgggs4upv4r3smq"},"sensitive_attributes":[],"private":"eyJlMmJmYjczMC1lY2FhLTExZTYtOGY4OC0zNDM2M2JjN2M0YzAiOnsiY3JlYXRlIjoxMjAwMDAwMDAwMDAwLCJkZWxldGUiOjEyMDAwMDAwMDAwMDAsInVwZGF0ZSI6MTIwMDAwMDAwMDAwMH19","dependencies":["oci_core_vcn.vcn"]}]},{"mode":"managed","type":"oci_core_security_list","name":"public_security_list","provider":"provider[\"registry.opentofu.org/hashicorp/oci\"]","instances":[{"schema_version":0,"attributes":{"compartment_id":"ocid1.compartment.oc1..aaaaaaaa2eimclyrsuxblu36cz4lkcety52hfdg6wdoff6744yn4hrshofla","defined_tags":{"Oracle-Tags.CreatedBy":"default/jp.santana@oracle.com","Oracle-Tags.CreatedOn":"2024-10-13T18:58:12.831Z"},"display_name":"public-security-list","egress_security_rules":[{"description":"","destination":"0.0.0.0/0","destination_type":"CIDR_BLOCK","icmp_options":[],"protocol":"all","stateless":false,"tcp_options":[],"udp_options":[]}],"freeform_tags":{},"id":"ocid1.securitylist.oc1.iad.aaaaaaaap2azavnrhybqyo5wwd2atex5b34bpqjbo2swrzn7sbbzal5kin5q","ingress_security_rules":[{"description":"","icmp_options":[],"protocol":"6","source":"0.0.0.0/0","source_type":"CIDR_BLOCK","stateless":false,"tcp_options":[{"max":22,"min":22,"source_port_range":[]}],"udp_options":[]}],"state":"AVAILABLE","time_created":"2024-10-13 18:58:12.882 +0000 UTC","timeouts":null,"vcn_id":"ocid1.vcn.oc1.iad.amaaaaaa4ghw2ria27uuqv2idiffjrfgh3obp2cqbhvqlxgggs4upv4r3smq"},"sensitive_attributes":[],"private":"eyJlMmJmYjczMC1lY2FhLTExZTYtOGY4OC0zNDM2M2JjN2M0YzAiOnsiY3JlYXRlIjoxMjAwMDAwMDAwMDAwLCJkZWxldGUiOjEyMDAwMDAwMDAwMDAsInVwZGF0ZSI6MTIwMDAwMDAwMDAwMH19","dependencies":["oci_core_vcn.vcn"]}]},{"mode":"managed","type":"oci_core_subnet","name":"private_subnet","provider":"provider[\"registry.opentofu.org/hashicorp/oci\"]","instances":[{"schema_version":0,"attributes":{"availability_domain":null,"cidr_block":"10.0.2.0/24","compartment_id":"ocid1.compartment.oc1..aaaaaaaa2eimclyrsuxblu36cz4lkcety52hfdg6wdoff6744yn4hrshofla","defined_tags":{"Oracle-Tags.CreatedBy":"default/jp.santana@oracle.com","Oracle-Tags.CreatedOn":"2024-10-13T18:58:14.759Z"},"dhcp_options_id":"ocid1.dhcpoptions.oc1.iad.aaaaaaaae4e7pyteo5c6t5a2oazjftw7n4tk2qih5543rwvb2j4wzsp3x4ta","display_name":"private-subnet","dns_label":"privsub","freeform_tags":{},"id":"ocid1.subnet.oc1.iad.aaaaaaaabk5wk7el2o3e6g6t5afjnpzv5xodncrg2coicishjpjcynybf5ya","ipv6cidr_block":null,"ipv6cidr_blocks":[],"ipv6virtual_router_ip":null,"prohibit_internet_ingress":true,"prohibit_public_ip_on_vnic":true,"route_table_id":"ocid1.routetable.oc1.iad.aaaaaaaakkj4fhzwu4ynpzwhhsfp5f2h4rzikozanojn7rjdk4yh73ovb77q","security_list_ids":["ocid1.securitylist.oc1.iad.aaaaaaaaz7icjlrjujpbrhukcajzxiyuqtc7tfdl6pt4ejrie5ysoytqq7ca"],"state":"AVAILABLE","subnet_domain_name":"privsub.devvcn.oraclevcn.com","time_created":"2024-10-13 18:58:14.82 +0000 UTC","timeouts":null,"vcn_id":"ocid1.vcn.oc1.iad.amaaaaaa4ghw2ria27uuqv2idiffjrfgh3obp2cqbhvqlxgggs4upv4r3smq","virtual_router_ip":"10.0.2.1","virtual_router_mac":"00:00:17:14:C4:DE"},"sensitive_attributes":[],"private":"eyJlMmJmYjczMC1lY2FhLTExZTYtOGY4OC0zNDM2M2JjN2M0YzAiOnsiY3JlYXRlIjoxMjAwMDAwMDAwMDAwLCJkZWxldGUiOjEyMDAwMDAwMDAwMDAsInVwZGF0ZSI6MTIwMDAwMDAwMDAwMH19","dependencies":["oci_core_nat_gateway.nat_gateway","oci_core_route_table.private_route_table","oci_core_vcn.vcn"]}]},{"mode":"managed","type":"oci_core_subnet","name":"public_subnet","provider":"provider[\"registry.opentofu.org/hashicorp/oci\"]","instances":[{"schema_version":0,"attributes":{"availability_domain":null,"cidr_block":"10.0.1.0/24","compartment_id":"ocid1.compartment.oc1..aaaaaaaa2eimclyrsuxblu36cz4lkcety52hfdg6wdoff6744yn4hrshofla","defined_tags":{"Oracle-Tags.CreatedBy":"default/jp.santana@oracle.com","Oracle-Tags.CreatedOn":"2024-10-13T18:58:13.891Z"},"dhcp_options_id":"ocid1.dhcpoptions.oc1.iad.aaaaaaaae4e7pyteo5c6t5a2oazjftw7n4tk2qih5543rwvb2j4wzsp3x4ta","display_name":"public-subnet","dns_label":"pubsub","freeform_tags":{},"id":"ocid1.subnet.oc1.iad.aaaaaaaagijlf5jnchxhx6eglhphxcaupkavv5dnwpd742agmv7dje6s2j3a","ipv6cidr_block":null,"ipv6cidr_blocks":[],"ipv6virtual_router_ip":null,"prohibit_internet_ingress":false,"prohibit_public_ip_on_vnic":false,"route_table_id":"ocid1.routetable.oc1.iad.aaaaaaaaiiwb44fbs4eqyo33x5fowh6lmy35sgfr6vsjkdb7ku2caxd4kf2a","security_list_ids":["ocid1.securitylist.oc1.iad.aaaaaaaaz7icjlrjujpbrhukcajzxiyuqtc7tfdl6pt4ejrie5ysoytqq7ca"],"state":"AVAILABLE","subnet_domain_name":"pubsub.devvcn.oraclevcn.com","time_created":"2024-10-13 18:58:13.937 +0000 UTC","timeouts":null,"vcn_id":"ocid1.vcn.oc1.iad.amaaaaaa4ghw2ria27uuqv2idiffjrfgh3obp2cqbhvqlxgggs4upv4r3smq","virtual_router_ip":"10.0.1.1","virtual_router_mac":"00:00:17:14:C4:DE"},"sensitive_attributes":[],"private":"eyJlMmJmYjczMC1lY2FhLTExZTYtOGY4OC0zNDM2M2JjN2M0YzAiOnsiY3JlYXRlIjoxMjAwMDAwMDAwMDAwLCJkZWxldGUiOjEyMDAwMDAwMDAwMDAsInVwZGF0ZSI6MTIwMDAwMDAwMDAwMH19","dependencies":["oci_core_internet_gateway.internet_gateway","oci_core_route_table.public_route_table","oci_core_vcn.vcn"]}]},{"mode":"managed","type":"oci_core_vcn","name":"vcn","provider":"provider[\"registry.opentofu.org/hashicorp/oci\"]","instances":[{"schema_version":0,"attributes":{"byoipv6cidr_blocks":[],"byoipv6cidr_details":[],"cidr_block":"10.0.0.0/16","cidr_blocks":["10.0.0.0/16"],"compartment_id":"ocid1.compartment.oc1..aaaaaaaa2eimclyrsuxblu36cz4lkcety52hfdg6wdoff6744yn4hrshofla","default_dhcp_options_id":"ocid1.dhcpoptions.oc1.iad.aaaaaaaae4e7pyteo5c6t5a2oazjftw7n4tk2qih5543rwvb2j4wzsp3x4ta","default_route_table_id":"ocid1.routetable.oc1.iad.aaaaaaaaxb5pnuu3v2vmfynkdvneblddppuwtday53pjq7nb2gumlvupiaxq","default_security_list_id":"ocid1.securitylist.oc1.iad.aaaaaaaaz7icjlrjujpbrhukcajzxiyuqtc7tfdl6pt4ejrie5ysoytqq7ca","defined_tags":{"Oracle-Tags.CreatedBy":"default/jp.santana@oracle.com","Oracle-Tags.CreatedOn":"2024-10-13T18:58:12.059Z"},"display_name":"dev-vcn","dns_label":"devvcn","freeform_tags":{},"id":"ocid1.vcn.oc1.iad.amaaaaaa4ghw2ria27uuqv2idiffjrfgh3obp2cqbhvqlxgggs4upv4r3smq","ipv6cidr_blocks":[],"ipv6private_cidr_blocks":[],"is_ipv6enabled":false,"is_oracle_gua_allocation_enabled":null,"security_attributes":{},"state":"AVAILABLE","time_created":"2024-10-13 18:58:12.162 +0000 UTC","timeouts":null,"vcn_domain_name":"devvcn.oraclevcn.com"},"sensitive_attributes":[],"private":"eyJlMmJmYjczMC1lY2FhLTExZTYtOGY4OC0zNDM2M2JjN2M0YzAiOnsiY3JlYXRlIjoxMjAwMDAwMDAwMDAwLCJkZWxldGUiOjEyMDAwMDAwMDAwMDAsInVwZGF0ZSI6MTIwMDAwMDAwMDAwMH19"}]}],"check_results":null}
